// !$*UTF8*$!
{
	archiveVersion = 1;
	classes = {
	};
	objectVersion = 48;
	objects = {

/* Begin PBXBuildFile section */
		877988491FD35E4B0063D4CF /* AppDelegate.swift in Sources */ = {isa = PBXBuildFile; fileRef = 877988481FD35E4B0063D4CF /* AppDelegate.swift */; };
		8779884B1FD35E4B0063D4CF /* ViewController.swift in Sources */ = {isa = PBXBuildFile; fileRef = 8779884A1FD35E4B0063D4CF /* ViewController.swift */; };
		8779884E1FD35E4B0063D4CF /* Main.storyboard in Resources */ = {isa = PBXBuildFile; fileRef = 8779884C1FD35E4B0063D4CF /* Main.storyboard */; };
		877988501FD35E4B0063D4CF /* Assets.xcassets in Resources */ = {isa = PBXBuildFile; fileRef = 8779884F1FD35E4B0063D4CF /* Assets.xcassets */; };
		877988531FD35E4B0063D4CF /* LaunchScreen.storyboard in Resources */ = {isa = PBXBuildFile; fileRef = 877988511FD35E4B0063D4CF /* LaunchScreen.storyboard */; };
/* End PBXBuildFile section */

/* Begin PBXFileReference section */
		877988451FD35E4B0063D4CF /* LimitarTextField.app */ = {isa = PBXFileReference; explicitFileType = wrapper.application; includeInIndex = 0; path = LimitarTextField.app; sourceTree = BUILT_PRODUCTS_DIR; };
		877988481FD35E4B0063D4CF /* AppDelegate.swift */ = {isa = PBXFileReference; lastKnownFileType = sourcecode.swift; path = AppDelegate.swift; sourceTree = "<group>"; };
		8779884A1FD35E4B0063D4CF /* ViewController.swift */ = {isa = PBXFileReference; lastKnownFileType = sourcecode.swift; path = ViewController.swift; sourceTree = "<group>"; };
		8779884D1FD35E4B0063D4CF /* Base */ = {isa = PBXFileReference; lastKnownFileType = file.storyboard; name = Base; path = Base.lproj/Main.storyboard; sourceTree = "<group>"; };
		8779884F1FD35E4B0063D4CF /* Assets.xcassets */ = {isa = PBXFileReference; lastKnownFileType = folder.assetcatalog; path = Assets.xcassets; sourceTree = "<group>"; };
		877988521FD35E4B0063D4CF /* Base */ = {isa = PBXFileReference; lastKnownFileType = file.storyboard; name = Base; path = Base.lproj/LaunchScreen.storyboard; sourceTree = "<group>"; };
		877988541FD35E4B0063D4CF /* Info.plist */ = {isa = PBXFileReference; lastKnownFileType = text.plist.xml; path = Info.plist; sourceTree = "<group>"; };
/* End PBXFileReference section */

/* Begin PBXFrameworksBuildPhase section */
		877988421FD35E4B0063D4CF /* Frameworks */ = {
			isa = PBXFrameworksBuildPhase;
			buildActionMask = 2147483647;
			files = (
			);
			runOnlyForDeploymentPostprocessing = 0;
		};
/* End PBXFrameworksBuildPhase section */

/* Begin PBXGroup section */
		8779883C1FD35E4B0063D4CF = {
			isa = PBXGroup;
			children = (
				877988471FD35E4B0063D4CF /* LimitarTextField */,
				877988461FD35E4B0063D4CF /* Products */,
			);
			sourceTree = "<group>";
		};
		877988461FD35E4B0063D4CF /* Products */ = {
			isa = PBXGroup;
			children = (
				877988451FD35E4B0063D4CF /* LimitarTextField.app */,
			);
			name = Products;
			sourceTree = "<group>";
		};
		877988471FD35E4B0063D4CF /* LimitarTextField */ = {
			isa = PBXGroup;
			children = (
				877988481FD35E4B0063D4CF /* AppDelegate.swift */,
				8779884A1FD35E4B0063D4CF /* ViewController.swift */,
				8779884C1FD35E4B0063D4CF /* Main.storyboard */,
				8779884F1FD35E4B0063D4CF /* Assets.xcassets */,
				877988511FD35E4B0063D4CF /* LaunchScreen.storyboard */,
				877988541FD35E4B0063D4CF /* Info.plist */,
			);
			path = LimitarTextField;
			sourceTree = "<group>";
		};
/* End PBXGroup section */

/* Begin PBXNativeTarget section */
		877988441FD35E4B0063D4CF /* LimitarTextField */ = {
			isa = PBXNativeTarget;
			buildConfigurationList = 877988571FD35E4B0063D4CF /* Build configuration list for PBXNativeTarget "LimitarTextField" */;
			buildPhases = (
				877988411FD35E4B0063D4CF /* Sources */,
				877988421FD35E4B0063D4CF /* Frameworks */,
				877988431FD35E4B0063D4CF /* Resources */,
			);
			buildRules = (
			);
			dependencies = (
			);
			name = LimitarTextField;
			productName = LimitarTextField;
			productReference = 877988451FD35E4B0063D4CF /* LimitarTextField.app */;
			productType = "com.apple.product-type.application";
		};
/* End PBXNativeTarget section */

/* Begin PBXProject section */
		8779883D1FD35E4B0063D4CF /* Project object */ = {
			isa = PBXProject;
			attributes = {
				LastSwiftUpdateCheck = 0910;
				LastUpgradeCheck = 0910;
				ORGANIZATIONNAME = "Gil Rodarte";
				TargetAttributes = {
					877988441FD35E4B0063D4CF = {
						CreatedOnToolsVersion = 9.1;
						ProvisioningStyle = Automatic;
					};
				};
			};
			buildConfigurationList = 877988401FD35E4B0063D4CF /* Build configuration list for PBXProject "LimitarTextField" */;
			compatibilityVersion = "Xcode 8.0";
			developmentRegion = en;
			hasScannedForEncodings = 0;
			knownRegions = (
				en,
				Base,
			);
			mainGroup = 8779883C1FD35E4B0063D4CF;
			productRefGroup = 877988461FD35E4B0063D4CF /* Products */;
			projectDirPath = "";
			projectRoot = "";
			targets = (
				877988441FD35E4B0063D4CF /* LimitarTextField */,
			);
		};
/* End PBXProject section */

/* Begin PBXResourcesBuildPhase section */
		877988431FD35E4B0063D4CF /* Resources */ = {
			isa = PBXResourcesBuildPhase;
			buildActionMask = 2147483647;
			files = (
				877988531FD35E4B0063D4CF /* LaunchScreen.storyboard in Resources */,
				877988501FD35E4B0063D4CF /* Assets.xcassets in Resources */,
				8779884E1FD35E4B0063D4CF /* Main.storyboard in Resources */,
			);
			runOnlyForDeploymentPostprocessing = 0;
		};
/* End PBXResourcesBuildPhase section */

/* Begin PBXSourcesBuildPhase section */
		877988411FD35E4B0063D4CF /* Sources */ = {
			isa = PBXSourcesBuildPhase;
			buildActionMask = 2147483647;
			files = (
				8779884B1FD35E4B0063D4CF /* ViewController.swift in Sources */,
				877988491FD35E4B0063D4CF /* AppDelegate.swift in Sources */,
			);
			runOnlyForDeploymentPostprocessing = 0;
		};
/* End PBXSourcesBuildPhase section */

/* Begin PBXVariantGroup section */
		8779884C1FD35E4B0063D4CF /* Main.storyboard */ = {
			isa = PBXVariantGroup;
			children = (
				8779884D1FD35E4B0063D4CF /* Base */,
			);
			name = Main.storyboard;
			sourceTree = "<group>";
		};
		877988511FD35E4B0063D4CF /* LaunchScreen.storyboard */ = {
			isa = PBXVariantGroup;
			children = (
				877988521FD35E4B0063D4CF /* Base */,
			);
			name = LaunchScreen.storyboard;
			sourceTree = "<group>";
		};
/* End PBXVariantGroup section */

/* Begin XCBuildConfiguration section */
		877988551FD35E4B0063D4CF /* Debug */ = {
			isa = XCBuildConfiguration;
			buildSettings = {
				ALWAYS_SEARCH_USER_PATHS = NO;
				CLANG_ANALYZER_NONNULL = YES;
				CLANG_ANALYZER_NUMBER_OBJECT_CONVERSION = YES_AGGRESSIVE;
				CLANG_CXX_LANGUAGE_STANDARD = "gnu++14";
				CLANG_CXX_LIBRARY = "libc++";
				CLANG_ENABLE_MODULES = YES;
				CLANG_ENABLE_OBJC_ARC = YES;
				CLANG_WARN_BLOCK_CAPTURE_AUTORELEASING = YES;
				CLANG_WARN_BOOL_CONVERSION = YES;
				CLANG_WARN_COMMA = YES;
				CLANG_WARN_CONSTANT_CONVERSION = YES;
				CLANG_WARN_DIRECT_OBJC_ISA_USAGE = YES_ERROR;
				CLANG_WARN_DOCUMENTATION_COMMENTS = YES;
				CLANG_WARN_EMPTY_BODY = YES;
				CLANG_WARN_ENUM_CONVERSION = YES;
				CLANG_WARN_INFINITE_RECURSION = YES;
				CLANG_WARN_INT_CONVERSION = YES;
				CLANG_WARN_NON_LITERAL_NULL_CONVERSION = YES;
				CLANG_WARN_OBJC_LITERAL_CONVERSION = YES;
				CLANG_WARN_OBJC_ROOT_CLASS = YES_ERROR;
				CLANG_WARN_RANGE_LOOP_ANALYSIS = YES;
				CLANG_WARN_STRICT_PROTOTYPES = YES;
				CLANG_WARN_SUSPICIOUS_MOVE = YES;
				CLANG_WARN_UNGUARDED_AVAILABILITY = YES_AGGRESSIVE;
				CLANG_WARN_UNREACHABLE_CODE = YES;
				CLANG_WARN__DUPLICATE_METHOD_MATCH = YES;
				CODE_SIGN_IDENTITY = "iPhone Developer";
				COPY_PHASE_STRIP = NO;
				DEBUG_INFORMATION_FORMAT = dwarf;
				ENABLE_STRICT_OBJC_MSGSEND = YES;
				ENABLE_TESTABILITY = YES;
				GCC_C_LANGUAGE_STANDARD = gnu11;
				GCC_DYNAMIC_NO_PIC = NO;
				GCC_NO_COMMON_BLOCKS = YES;
				GCC_OPTIMIZATION_LEVEL = 0;
				GCC_PREPROCESSOR_DEFINITIONS = (
					"DEBUG=1",
					"$(inherited)",
				);
				GCC_WARN_64_TO_32_BIT_CONVERSION = YES;
				GCC_WARN_ABOUT_RETURN_TYPE = YES_ERROR;
				GCC_WARN_UNDECLARED_SELECTOR = YES;
				GCC_WARN_UNINITIALIZED_AUTOS = YES_AGGRESSIVE;
				GCC_WARN_UNUSED_FUNCTION = YES;
				GCC_WARN_UNUSED_VARIABLE = YES;
				IPHONEOS_DEPLOYMENT_TARGET = 11.1;
				MTL_ENABLE_DEBUG_INFO = YES;
				ONLY_ACTIVE_ARCH = YES;
				SDKROOT = iphoneos;
				SWIFT_ACTIVE_COMPILATION_CONDITIONS = DEBUG;
				SWIFT_OPTIMIZATION_LEVEL = "-Onone";
			};
			name = Debug;
		};
		877988561FD35E4B0063D4CF /* Release */ = {
			isa = XCBuildConfiguration;
			buildSettings = {
				ALWAYS_SEARCH_USER_PATHS = NO;
				CLANG_ANALYZER_NONNULL = YES;
				CLANG_ANALYZER_NUMBER_OBJECT_CONVERSION = YES_AGGRESSIVE;
				CLANG_CXX_LANGUAGE_STANDARD = "gnu++14";
				CLANG_CXX_LIBRARY = "libc++";
				CLANG_ENABLE_MODULES = YES;
				CLANG_ENABLE_OBJC_ARC = YES;
				CLANG_WARN_BLOCK_CAPTURE_AUTORELEASING = YES;
				CLANG_WARN_BOOL_CONVERSION = YES;
				CLANG_WARN_COMMA = YES;
				CLANG_WARN_CONSTANT_CONVERSION = YES;
				CLANG_WARN_DIRECT_OBJC_ISA_USAGE = YES_ERROR;
				CLANG_WARN_DOCUMENTATION_COMMENTS = YES;
				CLANG_WARN_EMPTY_BODY = YES;
				CLANG_WARN_ENUM_CONVERSION = YES;
				CLANG_WARN_INFINITE_RECURSION = YES;
				CLANG_WARN_INT_CONVERSION = YES;
				CLANG_WARN_NON_LITERAL_NULL_CONVERSION = YES;
				CLANG_WARN_OBJC_LITERAL_CONVERSION = YES;
				CLANG_WARN_OBJC_ROOT_CLASS = YES_ERROR;
				CLANG_WARN_RANGE_LOOP_ANALYSIS = YES;
				CLANG_WARN_STRICT_PROTOTYPES = YES;
				CLANG_WARN_SUSPICIOUS_MOVE = YES;
				CLANG_WARN_UNGUARDED_AVAILABILITY = YES_AGGRESSIVE;
				CLANG_WARN_UNREACHABLE_CODE = YES;
				CLANG_WARN__DUPLICATE_METHOD_MATCH = YES;
				CODE_SIGN_IDENTITY = "iPhone Developer";
				COPY_PHASE_STRIP = NO;
				DEBUG_INFORMATION_FORMAT = "dwarf-with-dsym";
				ENABLE_NS_ASSERTIONS = NO;
				ENABLE_STRICT_OBJC_MSGSEND = YES;
				GCC_C_LANGUAGE_STANDARD = gnu11;
				GCC_NO_COMMON_BLOCKS = YES;
				GCC_WARN_64_TO_32_BIT_CONVERSION = YES;
				GCC_WARN_ABOUT_RETURN_TYPE = YES_ERROR;
				GCC_WARN_UNDECLARED_SELECTOR = YES;
				GCC_WARN_UNINITIALIZED_AUTOS = YES_AGGRESSIVE;
				GCC_WARN_UNUSED_FUNCTION = YES;
				GCC_WARN_UNUSED_VARIABLE = YES;
				IPHONEOS_DEPLOYMENT_TARGET = 11.1;
				MTL_ENABLE_DEBUG_INFO = NO;
				SDKROOT = iphoneos;
				SWIFT_OPTIMIZATION_LEVEL = "-Owholemodule";
				VALIDATE_PRODUCT = YES;
			};
			name = Release;
		};
		877988581FD35E4B0063D4CF /* Debug */ = {
			isa = XCBuildConfiguration;
			buildSettings = {
				ASSETCATALOG_COMPILER_APPICON_NAME = AppIcon;
				CODE_SIGN_STYLE = Automatic;
				DEVELOPMENT_TEAM = ALU4ETXCLE;
				INFOPLIST_FILE = LimitarTextField/Info.plist;
				LD_RUNPATH_SEARCH_PATHS = "$(inherited) @executable_path/Frameworks";
				PRODUCT_BUNDLE_IDENTIFIER = com.yepes.LimitarTextField;
				PRODUCT_NAME = "$(TARGET_NAME)";
				SWIFT_VERSION = 4.0;
				TARGETED_DEVICE_FAMILY = "1,2";
			};
			name = Debug;
		};
		877988591FD35E4B0063D4CF /* Release */ = {
			isa = XCBuildConfiguration;
			buildSettings = {
				ASSETCATALOG_COMPILER_APPICON_NAME = AppIcon;
				CODE_SIGN_STYLE = Automatic;
				DEVELOPMENT_TEAM = ALU4ETXCLE;
				INFOPLIST_FILE = LimitarTextField/Info.plist;
				LD_RUNPATH_SEARCH_PATHS = "$(inherited) @executable_path/Frameworks";
				PRODUCT_BUNDLE_IDENTIFIER = com.yepes.LimitarTextField;
				PRODUCT_NAME = "$(TARGET_NAME)";
				SWIFT_VERSION = 4.0;
				TARGETED_DEVICE_FAMILY = "1,2";
			};
			name = Release;
		};
/* End XCBuildConfiguration section */

/* Begin XCConfigurationList section */
		877988401FD35E4B0063D4CF /* Build configuration list for PBXProject "LimitarTextField" */ = {
			isa = XCConfigurationList;
			buildConfigurations = (
				877988551FD35E4B0063D4CF /* Debug */,
				877988561FD35E4B0063D4CF /* Release */,
			);
			defaultConfigurationIsVisible = 0;
			defaultConfigurationName = Release;
		};
		877988571FD35E4B0063D4CF /* Build configuration list for PBXNativeTarget "LimitarTextField" */ = {
			isa = XCConfigurationList;
			buildConfigurations = (
				877988581FD35E4B0063D4CF /* Debug */,
				877988591FD35E4B0063D4CF /* Release */,
			);
			defaultConfigurationIsVisible = 0;
			defaultConfigurationName = Release;
		};
/* End XCConfigurationList section */
	};
	rootObject = 8779883D1FD35E4B0063D4CF /* Project object */;
}
